PODS:
  - Kanna (5.2.4)
  - SwiftyJSON (4.3.0)

DEPENDENCIES:
  - Kanna (~> 5.2.2)
  - SwiftyJSON (~> 4.0)

SPEC REPOS:
  trunk:
    - Kanna
    - SwiftyJSON

SPEC CHECKSUMS:
  Kanna: b9d00d7c11428308c7f95e1f1f84b8205f567a8f
  SwiftyJSON: 6faa0040f8b59dead0ee07436cbf76b73c08fd08

PODFILE CHECKSUM: a4cc4dc7b998d5fe589e9ea9f15bb552fe40b863

COCOAPODS: 1.10.1
